
Microsoft Visual Studio Solution File, Format Version 12.00
# Visual Studio Version 17
VisualStudioVersion = 17.0.31903.59
MinimumVisualStudioVersion = 10.0.40219.1
Project("{FAE04EC0-301F-11D3-BF4B-00C04F79EFBC}") = "Kebus", "Kebus.csproj", "{C79B49BB-F0CF-4003-902E-29268B34B4A2}"
EndProject
Global
	GlobalSection(SolutionConfigurationPlatforms) = preSolution
		Debug|Any CPU = Debug|Any CPU
		Release|Any CPU = Release|Any CPU
	EndGlobalSection
	GlobalSection(ProjectConfigurationPlatforms) = postSolution
		{C79B49BB-F0CF-4003-902E-29268B34B4A2}.Debug|Any CPU.ActiveCfg = Debug|Any CPU
		{C79B49BB-F0CF-4003-902E-29268B34B4A2}.Debug|Any CPU.Build.0 = Debug|Any CPU
		{C79B49BB-F0CF-4003-902E-29268B34B4A2}.Release|Any CPU.ActiveCfg = Release|Any CPU
		{C79B49BB-F0CF-4003-902E-29268B34B4A2}.Release|Any CPU.Build.0 = Release|Any CPU
	EndGlobalSection
	GlobalSection(SolutionProperties) = preSolution
		HideSolutionNode = FALSE
	EndGlobalSection
	GlobalSection(ExtensibilityGlobals) = postSolution
		SolutionGuid = {401F51FC-DA73-43FD-A7FE-89CFD85F83B2}
	EndGlobalSection
EndGlobal
